
Microsoft Visual Studio Solution File, Format Version 12.00
# Visual Studio 2012
Project("{FAE04EC0-301F-11D3-BF4B-00C04F79EFBC}") = "12", "12\12.csproj", "{02F1BC14-8BF3-4779-A260-7BD6AF967EAF}"
EndProject
Global
	GlobalSection(SolutionConfigurationPlatforms) = preSolution
		Debug|Any CPU = Debug|Any CPU
		Release|Any CPU = Release|Any CPU
	EndGlobalSection
	GlobalSection(ProjectConfigurationPlatforms) = postSolution
		{02F1BC14-8BF3-4779-A260-7BD6AF967EAF}.Debug|Any CPU.ActiveCfg = Debug|Any CPU
		{02F1BC14-8BF3-4779-A260-7BD6AF967EAF}.Debug|Any CPU.Build.0 = Debug|Any CPU
		{02F1BC14-8BF3-4779-A260-7BD6AF967EAF}.Release|Any CPU.ActiveCfg = Release|Any CPU
		{02F1BC14-8BF3-4779-A260-7BD6AF967EAF}.Release|Any CPU.Build.0 = Release|Any CPU
	EndGlobalSection
	GlobalSection(SolutionProperties) = preSolution
		HideSolutionNode = FALSE
	EndGlobalSection
EndGlobal
